// !$*UTF8*$!
{
	archiveVersion = 1;
	classes = {
	};
	objectVersion = 55;
	objects = {

/* Begin PBXBuildFile section */
		5C38DDEE2755810A00FCE1E9 /* AVENTURESCRIPTINE-REGULAR.OTF in Resources */ = {isa = PBXBuildFile; fileRef = 5C38DDED2755810900FCE1E9 /* AVENTURESCRIPTINE-REGULAR.OTF */; };
		5C38DDF02755813700FCE1E9 /* SCRIPT_MT_BOLD.TTF in Resources */ = {isa = PBXBuildFile; fileRef = 5C38DDEF2755813600FCE1E9 /* SCRIPT_MT_BOLD.TTF */; };
		5C38DDF22755932900FCE1E9 /* BaseballView.swift in Sources */ = {isa = PBXBuildFile; fileRef = 5C38DDF12755932900FCE1E9 /* BaseballView.swift */; };
		5C38DDF42755A2FF00FCE1E9 /* MLBSimple.swift in Sources */ = {isa = PBXBuildFile; fileRef = 5C38DDF32755A2FF00FCE1E9 /* MLBSimple.swift */; };
		5C57E0CE2755404600D3375D /* Pods in Resources */ = {isa = PBXBuildFile; fileRef = 5C57E0CD2755404600D3375D /* Pods */; };
		5C57E0E82755405900D3375D /* Helpers in Resources */ = {isa = PBXBuildFile; fileRef = 5C57E0E72755405900D3375D /* Helpers */; };
		5C57E0EA2755414F00D3375D /* ScoreLinesApp.swift in Sources */ = {isa = PBXBuildFile; fileRef = 5C57E0E92755414F00D3375D /* ScoreLinesApp.swift */; };
		5C57E0EC275541BB00D3375D /* ContentView.swift in Sources */ = {isa = PBXBuildFile; fileRef = 5C57E0EB275541BB00D3375D /* ContentView.swift */; };
		5C57E0EF2755427400D3375D /* NBAComplex.swift in Sources */ = {isa = PBXBuildFile; fileRef = 5C57E0EE2755427300D3375D /* NBAComplex.swift */; };
		5C57E0F02755427400D3375D /* FeedView.swift in Sources */ = {isa = PBXBuildFile; fileRef = 5C57E0ED2755427300D3375D /* FeedView.swift */; };
		5C57E0F427555BF600D3375D /* MenuView.swift in Sources */ = {isa = PBXBuildFile; fileRef = 5C57E0F327555BF600D3375D /* MenuView.swift */; };
		5C57E0F62755606400D3375D /* NavigationBarColor.swift in Sources */ = {isa = PBXBuildFile; fileRef = 5C57E0F52755606400D3375D /* NavigationBarColor.swift */; };
		5C57E0F827557EAC00D3375D /* FREEH575.TTF in Resources */ = {isa = PBXBuildFile; fileRef = 5C57E0F727557EA900D3375D /* FREEH575.TTF */; };
		5CA6ED1D278397A70042A2F7 /* Buttons.swift in Sources */ = {isa = PBXBuildFile; fileRef = 5CA6ED1C278397A70042A2F7 /* Buttons.swift */; };
		5CA6ED272784ADFB0042A2F7 /* Assets.xcassets in Resources */ = {isa = PBXBuildFile; fileRef = 5CA6ED262784A6E90042A2F7 /* Assets.xcassets */; };
		5CA6ED292784B1220042A2F7 /* NFLComplex.swift in Sources */ = {isa = PBXBuildFile; fileRef = 5CA6ED282784B1220042A2F7 /* NFLComplex.swift */; };
		5CA6ED2B2784B3620042A2F7 /* NFLSimple.swift in Sources */ = {isa = PBXBuildFile; fileRef = 5CA6ED2A2784B3620042A2F7 /* NFLSimple.swift */; };
		5CA6ED2D2784B87C0042A2F7 /* CFBComplex.swift in Sources */ = {isa = PBXBuildFile; fileRef = 5CA6ED2C2784B87C0042A2F7 /* CFBComplex.swift */; };
		5CA6ED2F2784B8850042A2F7 /* CFBSimple.swift in Sources */ = {isa = PBXBuildFile; fileRef = 5CA6ED2E2784B8850042A2F7 /* CFBSimple.swift */; };
		5CA6ED312784B8970042A2F7 /* FootballView.swift in Sources */ = {isa = PBXBuildFile; fileRef = 5CA6ED302784B8970042A2F7 /* FootballView.swift */; };
		5CA6ED332784CCF00042A2F7 /* MLBComplex.swift in Sources */ = {isa = PBXBuildFile; fileRef = 5CA6ED322784CCF00042A2F7 /* MLBComplex.swift */; };
		5CA6ED352784CD1E0042A2F7 /* SoccerComplex.swift in Sources */ = {isa = PBXBuildFile; fileRef = 5CA6ED342784CD1D0042A2F7 /* SoccerComplex.swift */; };
		5CA6ED372784CD280042A2F7 /* SoccerSimple.swift in Sources */ = {isa = PBXBuildFile; fileRef = 5CA6ED362784CD280042A2F7 /* SoccerSimple.swift */; };
		5CA6ED392784CF9C0042A2F7 /* SoccerView.swift in Sources */ = {isa = PBXBuildFile; fileRef = 5CA6ED382784CF9C0042A2F7 /* SoccerView.swift */; };
		5CA6ED3B2784E3120042A2F7 /* NBAButton.swift in Sources */ = {isa = PBXBuildFile; fileRef = 5CA6ED3A2784E3120042A2F7 /* NBAButton.swift */; };
		5CA6ED3D2784E4480042A2F7 /* MLBButton.swift in Sources */ = {isa = PBXBuildFile; fileRef = 5CA6ED3C2784E4480042A2F7 /* MLBButton.swift */; };
		5CA6ED3F2784E48A0042A2F7 /* NCAAMButton.swift in Sources */ = {isa = PBXBuildFile; fileRef = 5CA6ED3E2784E48A0042A2F7 /* NCAAMButton.swift */; };
		5CA6ED412784E4CB0042A2F7 /* NFLButton.swift in Sources */ = {isa = PBXBuildFile; fileRef = 5CA6ED402784E4CB0042A2F7 /* NFLButton.swift */; };
		5CA6ED432784E5220042A2F7 /* CFBButton.swift in Sources */ = {isa = PBXBuildFile; fileRef = 5CA6ED422784E5220042A2F7 /* CFBButton.swift */; };
		5CA6ED452784E54C0042A2F7 /* SoccerButton.swift in Sources */ = {isa = PBXBuildFile; fileRef = 5CA6ED442784E54C0042A2F7 /* SoccerButton.swift */; };
		5CBF2F062755C6920066CF2C /* BasketballView.swift in Sources */ = {isa = PBXBuildFile; fileRef = 5CBF2F052755C6920066CF2C /* BasketballView.swift */; };
		5CBF2F092755C6D40066CF2C /* NBASimple.swift in Sources */ = {isa = PBXBuildFile; fileRef = 5CBF2F082755C6D40066CF2C /* NBASimple.swift */; };
		5CE46CB527570CEC005779A5 /* NCAAMSimple.swift in Sources */ = {isa = PBXBuildFile; fileRef = 5CE46CB427570CEC005779A5 /* NCAAMSimple.swift */; };
		5CE46CB727570D15005779A5 /* NCAAMComplex.swift in Sources */ = {isa = PBXBuildFile; fileRef = 5CE46CB627570D15005779A5 /* NCAAMComplex.swift */; };
/* End PBXBuildFile section */

/* Begin PBXFileReference section */
		5C38DDEC27557F4100FCE1E9 /* ScoreLines-Info.plist */ = {isa = PBXFileReference; lastKnownFileType = text.plist; path = "ScoreLines-Info.plist"; sourceTree = "<group>"; };
		5C38DDED2755810900FCE1E9 /* AVENTURESCRIPTINE-REGULAR.OTF */ = {isa = PBXFileReference; lastKnownFileType = file; name = "AVENTURESCRIPTINE-REGULAR.OTF"; path = "Fonts/AVENTURESCRIPTINE-REGULAR.OTF"; sourceTree = "<group>"; };
		5C38DDEF2755813600FCE1E9 /* SCRIPT_MT_BOLD.TTF */ = {isa = PBXFileReference; lastKnownFileType = file; name = SCRIPT_MT_BOLD.TTF; path = Fonts/SCRIPT_MT_BOLD.TTF; sourceTree = "<group>"; };
		5C38DDF12755932900FCE1E9 /* BaseballView.swift */ = {isa = PBXFileReference; lastKnownFileType = sourcecode.swift; path = BaseballView.swift; sourceTree = "<group>"; };
		5C38DDF32755A2FF00FCE1E9 /* MLBSimple.swift */ = {isa = PBXFileReference; lastKnownFileType = sourcecode.swift; path = MLBSimple.swift; sourceTree = "<group>"; };
		5C57E0CD2755404600D3375D /* Pods */ = {isa = PBXFileReference; lastKnownFileType = folder; path = Pods; sourceTree = "<group>"; };
		5C57E0E72755405900D3375D /* Helpers */ = {isa = PBXFileReference; lastKnownFileType = folder; path = Helpers; sourceTree = "<group>"; };
		5C57E0E92755414F00D3375D /* ScoreLinesApp.swift */ = {isa = PBXFileReference; lastKnownFileType = sourcecode.swift; path = ScoreLinesApp.swift; sourceTree = "<group>"; };
		5C57E0EB275541BB00D3375D /* ContentView.swift */ = {isa = PBXFileReference; lastKnownFileType = sourcecode.swift; path = ContentView.swift; sourceTree = "<group>"; };
		5C57E0ED2755427300D3375D /* FeedView.swift */ = {isa = PBXFileReference; lastKnownFileType = sourcecode.swift; path = FeedView.swift; sourceTree = "<group>"; };
		5C57E0EE2755427300D3375D /* NBAComplex.swift */ = {isa = PBXFileReference; lastKnownFileType = sourcecode.swift; path = NBAComplex.swift; sourceTree = "<group>"; };
		5C57E0F327555BF600D3375D /* MenuView.swift */ = {isa = PBXFileReference; lastKnownFileType = sourcecode.swift; path = MenuView.swift; sourceTree = "<group>"; };
		5C57E0F52755606400D3375D /* NavigationBarColor.swift */ = {isa = PBXFileReference; lastKnownFileType = sourcecode.swift; path = NavigationBarColor.swift; sourceTree = "<group>"; };
		5C57E0F727557EA900D3375D /* FREEH575.TTF */ = {isa = PBXFileReference; lastKnownFileType = file; path = FREEH575.TTF; sourceTree = "<group>"; };
		5CA6ED1C278397A70042A2F7 /* Buttons.swift */ = {isa = PBXFileReference; lastKnownFileType = sourcecode.swift; name = Buttons.swift; path = Helpers/Buttons.swift; sourceTree = "<group>"; };
		5CA6ED262784A6E90042A2F7 /* Assets.xcassets */ = {isa = PBXFileReference; lastKnownFileType = folder.assetcatalog; path = Assets.xcassets; sourceTree = "<group>"; };
		5CA6ED282784B1220042A2F7 /* NFLComplex.swift */ = {isa = PBXFileReference; lastKnownFileType = sourcecode.swift; path = NFLComplex.swift; sourceTree = "<group>"; };
		5CA6ED2A2784B3620042A2F7 /* NFLSimple.swift */ = {isa = PBXFileReference; lastKnownFileType = sourcecode.swift; path = NFLSimple.swift; sourceTree = "<group>"; };
		5CA6ED2C2784B87C0042A2F7 /* CFBComplex.swift */ = {isa = PBXFileReference; lastKnownFileType = sourcecode.swift; path = CFBComplex.swift; sourceTree = "<group>"; };
		5CA6ED2E2784B8850042A2F7 /* CFBSimple.swift */ = {isa = PBXFileReference; lastKnownFileType = sourcecode.swift; path = CFBSimple.swift; sourceTree = "<group>"; };
		5CA6ED302784B8970042A2F7 /* FootballView.swift */ = {isa = PBXFileReference; lastKnownFileType = sourcecode.swift; path = FootballView.swift; sourceTree = "<group>"; };
		5CA6ED322784CCF00042A2F7 /* MLBComplex.swift */ = {isa = PBXFileReference; lastKnownFileType = sourcecode.swift; path = MLBComplex.swift; sourceTree = "<group>"; };
		5CA6ED342784CD1D0042A2F7 /* SoccerComplex.swift */ = {isa = PBXFileReference; lastKnownFileType = sourcecode.swift; path = SoccerComplex.swift; sourceTree = "<group>"; };
		5CA6ED362784CD280042A2F7 /* SoccerSimple.swift */ = {isa = PBXFileReference; lastKnownFileType = sourcecode.swift; path = SoccerSimple.swift; sourceTree = "<group>"; };
		5CA6ED382784CF9C0042A2F7 /* SoccerView.swift */ = {isa = PBXFileReference; lastKnownFileType = sourcecode.swift; path = SoccerView.swift; sourceTree = "<group>"; };
		5CA6ED3A2784E3120042A2F7 /* NBAButton.swift */ = {isa = PBXFileReference; lastKnownFileType = sourcecode.swift; path = NBAButton.swift; sourceTree = "<group>"; };
		5CA6ED3C2784E4480042A2F7 /* MLBButton.swift */ = {isa = PBXFileReference; lastKnownFileType = sourcecode.swift; path = MLBButton.swift; sourceTree = "<group>"; };
		5CA6ED3E2784E48A0042A2F7 /* NCAAMButton.swift */ = {isa = PBXFileReference; lastKnownFileType = sourcecode.swift; path = NCAAMButton.swift; sourceTree = "<group>"; };
		5CA6ED402784E4CB0042A2F7 /* NFLButton.swift */ = {isa = PBXFileReference; lastKnownFileType = sourcecode.swift; path = NFLButton.swift; sourceTree = "<group>"; };
		5CA6ED422784E5220042A2F7 /* CFBButton.swift */ = {isa = PBXFileReference; lastKnownFileType = sourcecode.swift; path = CFBButton.swift; sourceTree = "<group>"; };
		5CA6ED442784E54C0042A2F7 /* SoccerButton.swift */ = {isa = PBXFileReference; lastKnownFileType = sourcecode.swift; path = SoccerButton.swift; sourceTree = "<group>"; };
		5CBF2F052755C6920066CF2C /* BasketballView.swift */ = {isa = PBXFileReference; lastKnownFileType = sourcecode.swift; path = BasketballView.swift; sourceTree = "<group>"; };
		5CBF2F082755C6D40066CF2C /* NBASimple.swift */ = {isa = PBXFileReference; lastKnownFileType = sourcecode.swift; path = NBASimple.swift; sourceTree = "<group>"; };
		5CDC56BF27552BA40065B639 /* ScoreLines.app */ = {isa = PBXFileReference; explicitFileType = wrapper.application; includeInIndex = 0; path = ScoreLines.app; sourceTree = BUILT_PRODUCTS_DIR; };
		5CE46CB427570CEC005779A5 /* NCAAMSimple.swift */ = {isa = PBXFileReference; lastKnownFileType = sourcecode.swift; path = NCAAMSimple.swift; sourceTree = "<group>"; };
		5CE46CB627570D15005779A5 /* NCAAMComplex.swift */ = {isa = PBXFileReference; lastKnownFileType = sourcecode.swift; path = NCAAMComplex.swift; sourceTree = "<group>"; };
/* End PBXFileReference section */

/* Begin PBXFrameworksBuildPhase section */
		5CDC56BC27552BA40065B639 /* Frameworks */ = {
			isa = PBXFrameworksBuildPhase;
			buildActionMask = 2147483647;
			files = (
			);
			runOnlyForDeploymentPostprocessing = 0;
		};
/* End PBXFrameworksBuildPhase section */

/* Begin PBXGroup section */
		5C57E0F227555A3000D3375D /* Views */ = {
			isa = PBXGroup;
			children = (
				5CE46CB3275703BF005779A5 /* Soccer */,
				5CE46CB2275703BB005779A5 /* Football */,
				5CE46CB1275703B2005779A5 /* Baseball */,
				5CE46CB0275703AB005779A5 /* Basketball */,
				5CBF2F0A2755C6E30066CF2C /* DetailedFrames */,
				5CBF2F072755C6AC0066CF2C /* SimpleFrames */,
				5C57E0EB275541BB00D3375D /* ContentView.swift */,
				5C57E0F52755606400D3375D /* NavigationBarColor.swift */,
				5C57E0ED2755427300D3375D /* FeedView.swift */,
				5C57E0F327555BF600D3375D /* MenuView.swift */,
			);
			path = Views;
			sourceTree = "<group>";
		};
		5CBF2F072755C6AC0066CF2C /* SimpleFrames */ = {
			isa = PBXGroup;
			children = (
			);
			path = SimpleFrames;
			sourceTree = "<group>";
		};
		5CBF2F0A2755C6E30066CF2C /* DetailedFrames */ = {
			isa = PBXGroup;
			children = (
			);
			path = DetailedFrames;
			sourceTree = "<group>";
		};
		5CDC56B627552BA40065B639 = {
			isa = PBXGroup;
			children = (
				5CA6ED262784A6E90042A2F7 /* Assets.xcassets */,
				5CA6ED1C278397A70042A2F7 /* Buttons.swift */,
				5C38DDEC27557F4100FCE1E9 /* ScoreLines-Info.plist */,
				5C38DDED2755810900FCE1E9 /* AVENTURESCRIPTINE-REGULAR.OTF */,
				5C57E0F727557EA900D3375D /* FREEH575.TTF */,
				5C38DDEF2755813600FCE1E9 /* SCRIPT_MT_BOLD.TTF */,
				5C57E0E92755414F00D3375D /* ScoreLinesApp.swift */,
				5C57E0F227555A3000D3375D /* Views */,
				5C57E0E72755405900D3375D /* Helpers */,
				5C57E0CD2755404600D3375D /* Pods */,
				5CDC56C027552BA40065B639 /* Products */,
			);
			sourceTree = "<group>";
		};
		5CDC56C027552BA40065B639 /* Products */ = {
			isa = PBXGroup;
			children = (
				5CDC56BF27552BA40065B639 /* ScoreLines.app */,
			);
			name = Products;
			sourceTree = "<group>";
		};
		5CE46CB0275703AB005779A5 /* Basketball */ = {
			isa = PBXGroup;
			children = (
				5CBF2F082755C6D40066CF2C /* NBASimple.swift */,
				5CBF2F052755C6920066CF2C /* BasketballView.swift */,
				5C57E0EE2755427300D3375D /* NBAComplex.swift */,
				5CE46CB427570CEC005779A5 /* NCAAMSimple.swift */,
				5CE46CB627570D15005779A5 /* NCAAMComplex.swift */,
				5CA6ED3A2784E3120042A2F7 /* NBAButton.swift */,
				5CA6ED3E2784E48A0042A2F7 /* NCAAMButton.swift */,
			);
			path = Basketball;
			sourceTree = "<group>";
		};
		5CE46CB1275703B2005779A5 /* Baseball */ = {
			isa = PBXGroup;
			children = (
				5C38DDF12755932900FCE1E9 /* BaseballView.swift */,
				5C38DDF32755A2FF00FCE1E9 /* MLBSimple.swift */,
				5CA6ED322784CCF00042A2F7 /* MLBComplex.swift */,
				5CA6ED3C2784E4480042A2F7 /* MLBButton.swift */,
			);
			path = Baseball;
			sourceTree = "<group>";
		};
		5CE46CB2275703BB005779A5 /* Football */ = {
			isa = PBXGroup;
			children = (
				5CA6ED282784B1220042A2F7 /* NFLComplex.swift */,
				5CA6ED2A2784B3620042A2F7 /* NFLSimple.swift */,
				5CA6ED2C2784B87C0042A2F7 /* CFBComplex.swift */,
				5CA6ED2E2784B8850042A2F7 /* CFBSimple.swift */,
				5CA6ED302784B8970042A2F7 /* FootballView.swift */,
				5CA6ED402784E4CB0042A2F7 /* NFLButton.swift */,
				5CA6ED422784E5220042A2F7 /* CFBButton.swift */,
			);
			path = Football;
			sourceTree = "<group>";
		};
		5CE46CB3275703BF005779A5 /* Soccer */ = {
			isa = PBXGroup;
			children = (
				5CA6ED342784CD1D0042A2F7 /* SoccerComplex.swift */,
				5CA6ED362784CD280042A2F7 /* SoccerSimple.swift */,
				5CA6ED382784CF9C0042A2F7 /* SoccerView.swift */,
				5CA6ED442784E54C0042A2F7 /* SoccerButton.swift */,
			);
			path = Soccer;
			sourceTree = "<group>";
		};
/* End PBXGroup section */

/* Begin PBXNativeTarget section */
		5CDC56BE27552BA40065B639 /* ScoreLines */ = {
			isa = PBXNativeTarget;
			buildConfigurationList = 5CDC56CD27552BA50065B639 /* Build configuration list for PBXNativeTarget "ScoreLines" */;
			buildPhases = (
				5CDC56BB27552BA40065B639 /* Sources */,
				5CDC56BC27552BA40065B639 /* Frameworks */,
				5CDC56BD27552BA40065B639 /* Resources */,
			);
			buildRules = (
			);
			dependencies = (
			);
			name = ScoreLines;
			productName = ScoreLines;
			productReference = 5CDC56BF27552BA40065B639 /* ScoreLines.app */;
			productType = "com.apple.product-type.application";
		};
/* End PBXNativeTarget section */

/* Begin PBXProject section */
		5CDC56B727552BA40065B639 /* Project object */ = {
			isa = PBXProject;
			attributes = {
				BuildIndependentTargetsInParallel = 1;
				LastSwiftUpdateCheck = 1300;
				LastUpgradeCheck = 1300;
				TargetAttributes = {
					5CDC56BE27552BA40065B639 = {
						CreatedOnToolsVersion = 13.0;
					};
				};
			};
			buildConfigurationList = 5CDC56BA27552BA40065B639 /* Build configuration list for PBXProject "ScoreLines" */;
			compatibilityVersion = "Xcode 13.0";
			developmentRegion = en;
			hasScannedForEncodings = 0;
			knownRegions = (
				en,
				Base,
			);
			mainGroup = 5CDC56B627552BA40065B639;
			productRefGroup = 5CDC56C027552BA40065B639 /* Products */;
			projectDirPath = "";
			projectRoot = "";
			targets = (
				5CDC56BE27552BA40065B639 /* ScoreLines */,
			);
		};
/* End PBXProject section */

/* Begin PBXResourcesBuildPhase section */
		5CDC56BD27552BA40065B639 /* Resources */ = {
			isa = PBXResourcesBuildPhase;
			buildActionMask = 2147483647;
			files = (
				5C57E0E82755405900D3375D /* Helpers in Resources */,
				5C57E0CE2755404600D3375D /* Pods in Resources */,
				5C38DDEE2755810A00FCE1E9 /* AVENTURESCRIPTINE-REGULAR.OTF in Resources */,
				5C38DDF02755813700FCE1E9 /* SCRIPT_MT_BOLD.TTF in Resources */,
				5CA6ED272784ADFB0042A2F7 /* Assets.xcassets in Resources */,
				5C57E0F827557EAC00D3375D /* FREEH575.TTF in Resources */,
			);
			runOnlyForDeploymentPostprocessing = 0;
		};
/* End PBXResourcesBuildPhase section */

/* Begin PBXSourcesBuildPhase section */
		5CDC56BB27552BA40065B639 /* Sources */ = {
			isa = PBXSourcesBuildPhase;
			buildActionMask = 2147483647;
			files = (
				5CA6ED2F2784B8850042A2F7 /* CFBSimple.swift in Sources */,
				5CA6ED3D2784E4480042A2F7 /* MLBButton.swift in Sources */,
				5C57E0F427555BF600D3375D /* MenuView.swift in Sources */,
				5CE46CB727570D15005779A5 /* NCAAMComplex.swift in Sources */,
				5C38DDF22755932900FCE1E9 /* BaseballView.swift in Sources */,
				5CA6ED1D278397A70042A2F7 /* Buttons.swift in Sources */,
				5CA6ED3F2784E48A0042A2F7 /* NCAAMButton.swift in Sources */,
				5CBF2F062755C6920066CF2C /* BasketballView.swift in Sources */,
				5CA6ED292784B1220042A2F7 /* NFLComplex.swift in Sources */,
				5CE46CB527570CEC005779A5 /* NCAAMSimple.swift in Sources */,
				5C57E0F62755606400D3375D /* NavigationBarColor.swift in Sources */,
				5CA6ED312784B8970042A2F7 /* FootballView.swift in Sources */,
				5CA6ED452784E54C0042A2F7 /* SoccerButton.swift in Sources */,
				5C57E0F02755427400D3375D /* FeedView.swift in Sources */,
				5CA6ED3B2784E3120042A2F7 /* NBAButton.swift in Sources */,
				5CA6ED2B2784B3620042A2F7 /* NFLSimple.swift in Sources */,
				5C57E0EC275541BB00D3375D /* ContentView.swift in Sources */,
				5C57E0EF2755427400D3375D /* NBAComplex.swift in Sources */,
				5C57E0EA2755414F00D3375D /* ScoreLinesApp.swift in Sources */,
				5CA6ED432784E5220042A2F7 /* CFBButton.swift in Sources */,
				5CA6ED412784E4CB0042A2F7 /* NFLButton.swift in Sources */,
				5CBF2F092755C6D40066CF2C /* NBASimple.swift in Sources */,
				5CA6ED332784CCF00042A2F7 /* MLBComplex.swift in Sources */,
				5CA6ED392784CF9C0042A2F7 /* SoccerView.swift in Sources */,
				5CA6ED372784CD280042A2F7 /* SoccerSimple.swift in Sources */,
				5CA6ED352784CD1E0042A2F7 /* SoccerComplex.swift in Sources */,
				5CA6ED2D2784B87C0042A2F7 /* CFBComplex.swift in Sources */,
				5C38DDF42755A2FF00FCE1E9 /* MLBSimple.swift in Sources */,
			);
			runOnlyForDeploymentPostprocessing = 0;
		};
/* End PBXSourcesBuildPhase section */

/* Begin XCBuildConfiguration section */
		5CDC56CB27552BA50065B639 /* Debug */ = {
			isa = XCBuildConfiguration;
			buildSettings = {
				ALWAYS_SEARCH_USER_PATHS = NO;
				CLANG_ANALYZER_NONNULL = YES;
				CLANG_ANALYZER_NUMBER_OBJECT_CONVERSION = YES_AGGRESSIVE;
				CLANG_CXX_LANGUAGE_STANDARD = "gnu++17";
				CLANG_CXX_LIBRARY = "libc++";
				CLANG_ENABLE_MODULES = YES;
				CLANG_ENABLE_OBJC_ARC = YES;
				CLANG_ENABLE_OBJC_WEAK = YES;
				CLANG_WARN_BLOCK_CAPTURE_AUTORELEASING = YES;
				CLANG_WARN_BOOL_CONVERSION = YES;
				CLANG_WARN_COMMA = YES;
				CLANG_WARN_CONSTANT_CONVERSION = YES;
				CLANG_WARN_DEPRECATED_OBJC_IMPLEMENTATIONS = YES;
				CLANG_WARN_DIRECT_OBJC_ISA_USAGE = YES_ERROR;
				CLANG_WARN_DOCUMENTATION_COMMENTS = YES;
				CLANG_WARN_EMPTY_BODY = YES;
				CLANG_WARN_ENUM_CONVERSION = YES;
				CLANG_WARN_INFINITE_RECURSION = YES;
				CLANG_WARN_INT_CONVERSION = YES;
				CLANG_WARN_NON_LITERAL_NULL_CONVERSION = YES;
				CLANG_WARN_OBJC_IMPLICIT_RETAIN_SELF = YES;
				CLANG_WARN_OBJC_LITERAL_CONVERSION = YES;
				CLANG_WARN_OBJC_ROOT_CLASS = YES_ERROR;
				CLANG_WARN_QUOTED_INCLUDE_IN_FRAMEWORK_HEADER = YES;
				CLANG_WARN_RANGE_LOOP_ANALYSIS = YES;
				CLANG_WARN_STRICT_PROTOTYPES = YES;
				CLANG_WARN_SUSPICIOUS_MOVE = YES;
				CLANG_WARN_UNGUARDED_AVAILABILITY = YES_AGGRESSIVE;
				CLANG_WARN_UNREACHABLE_CODE = YES;
				CLANG_WARN__DUPLICATE_METHOD_MATCH = YES;
				COPY_PHASE_STRIP = NO;
				DEBUG_INFORMATION_FORMAT = dwarf;
				ENABLE_STRICT_OBJC_MSGSEND = YES;
				ENABLE_TESTABILITY = YES;
				GCC_C_LANGUAGE_STANDARD = gnu11;
				GCC_DYNAMIC_NO_PIC = NO;
				GCC_NO_COMMON_BLOCKS = YES;
				GCC_OPTIMIZATION_LEVEL = 0;
				GCC_PREPROCESSOR_DEFINITIONS = (
					"DEBUG=1",
					"$(inherited)",
				);
				GCC_WARN_64_TO_32_BIT_CONVERSION = YES;
				GCC_WARN_ABOUT_RETURN_TYPE = YES_ERROR;
				GCC_WARN_UNDECLARED_SELECTOR = YES;
				GCC_WARN_UNINITIALIZED_AUTOS = YES_AGGRESSIVE;
				GCC_WARN_UNUSED_FUNCTION = YES;
				GCC_WARN_UNUSED_VARIABLE = YES;
				GENERATE_INFOPLIST_FILE = YES;
				IPHONEOS_DEPLOYMENT_TARGET = 15.0;
				MTL_ENABLE_DEBUG_INFO = INCLUDE_SOURCE;
				MTL_FAST_MATH = YES;
				ONLY_ACTIVE_ARCH = YES;
				SDKROOT = iphoneos;
				SWIFT_ACTIVE_COMPILATION_CONDITIONS = DEBUG;
				SWIFT_OPTIMIZATION_LEVEL = "-Onone";
			};
			name = Debug;
		};
		5CDC56CC27552BA50065B639 /* Release */ = {
			isa = XCBuildConfiguration;
			buildSettings = {
				ALWAYS_SEARCH_USER_PATHS = NO;
				CLANG_ANALYZER_NONNULL = YES;
				CLANG_ANALYZER_NUMBER_OBJECT_CONVERSION = YES_AGGRESSIVE;
				CLANG_CXX_LANGUAGE_STANDARD = "gnu++17";
				CLANG_CXX_LIBRARY = "libc++";
				CLANG_ENABLE_MODULES = YES;
				CLANG_ENABLE_OBJC_ARC = YES;
				CLANG_ENABLE_OBJC_WEAK = YES;
				CLANG_WARN_BLOCK_CAPTURE_AUTORELEASING = YES;
				CLANG_WARN_BOOL_CONVERSION = YES;
				CLANG_WARN_COMMA = YES;
				CLANG_WARN_CONSTANT_CONVERSION = YES;
				CLANG_WARN_DEPRECATED_OBJC_IMPLEMENTATIONS = YES;
				CLANG_WARN_DIRECT_OBJC_ISA_USAGE = YES_ERROR;
				CLANG_WARN_DOCUMENTATION_COMMENTS = YES;
				CLANG_WARN_EMPTY_BODY = YES;
				CLANG_WARN_ENUM_CONVERSION = YES;
				CLANG_WARN_INFINITE_RECURSION = YES;
				CLANG_WARN_INT_CONVERSION = YES;
				CLANG_WARN_NON_LITERAL_NULL_CONVERSION = YES;
				CLANG_WARN_OBJC_IMPLICIT_RETAIN_SELF = YES;
				CLANG_WARN_OBJC_LITERAL_CONVERSION = YES;
				CLANG_WARN_OBJC_ROOT_CLASS = YES_ERROR;
				CLANG_WARN_QUOTED_INCLUDE_IN_FRAMEWORK_HEADER = YES;
				CLANG_WARN_RANGE_LOOP_ANALYSIS = YES;
				CLANG_WARN_STRICT_PROTOTYPES = YES;
				CLANG_WARN_SUSPICIOUS_MOVE = YES;
				CLANG_WARN_UNGUARDED_AVAILABILITY = YES_AGGRESSIVE;
				CLANG_WARN_UNREACHABLE_CODE = YES;
				CLANG_WARN__DUPLICATE_METHOD_MATCH = YES;
				COPY_PHASE_STRIP = NO;
				DEBUG_INFORMATION_FORMAT = "dwarf-with-dsym";
				ENABLE_NS_ASSERTIONS = NO;
				ENABLE_STRICT_OBJC_MSGSEND = YES;
				GCC_C_LANGUAGE_STANDARD = gnu11;
				GCC_NO_COMMON_BLOCKS = YES;
				GCC_WARN_64_TO_32_BIT_CONVERSION = YES;
				GCC_WARN_ABOUT_RETURN_TYPE = YES_ERROR;
				GCC_WARN_UNDECLARED_SELECTOR = YES;
				GCC_WARN_UNINITIALIZED_AUTOS = YES_AGGRESSIVE;
				GCC_WARN_UNUSED_FUNCTION = YES;
				GCC_WARN_UNUSED_VARIABLE = YES;
				GENERATE_INFOPLIST_FILE = YES;
				IPHONEOS_DEPLOYMENT_TARGET = 15.0;
				MTL_ENABLE_DEBUG_INFO = NO;
				MTL_FAST_MATH = YES;
				SDKROOT = iphoneos;
				SWIFT_COMPILATION_MODE = wholemodule;
				SWIFT_OPTIMIZATION_LEVEL = "-O";
				VALIDATE_PRODUCT = YES;
			};
			name = Release;
		};
		5CDC56CE27552BA50065B639 /* Debug */ = {
			isa = XCBuildConfiguration;
			buildSettings = {
				ASSETCATALOG_COMPILER_APPICON_NAME = AppIcon;
				ASSETCATALOG_COMPILER_GLOBAL_ACCENT_COLOR_NAME = AccentColor;
				CODE_SIGN_STYLE = Automatic;
				CURRENT_PROJECT_VERSION = 1;
				DEVELOPMENT_TEAM = 227HN389RV;
				ENABLE_PREVIEWS = YES;
				GENERATE_INFOPLIST_FILE = YES;
				INFOPLIST_FILE = "ScoreLines-Info.plist";
				INFOPLIST_KEY_UIApplicationSceneManifest_Generation = YES;
				INFOPLIST_KEY_UIApplicationSupportsIndirectInputEvents = YES;
				INFOPLIST_KEY_UILaunchScreen_Generation = YES;
				INFOPLIST_KEY_UISupportedInterfaceOrientations_iPad = "UIInterfaceOrientationPortrait UIInterfaceOrientationPortraitUpsideDown UIInterfaceOrientationLandscapeLeft UIInterfaceOrientationLandscapeRight";
				INFOPLIST_KEY_UISupportedInterfaceOrientations_iPhone = "UIInterfaceOrientationPortrait UIInterfaceOrientationLandscapeLeft UIInterfaceOrientationLandscapeRight";
				IPHONEOS_DEPLOYMENT_TARGET = 14.0;
				LD_RUNPATH_SEARCH_PATHS = (
					"$(inherited)",
					"@executable_path/Frameworks",
				);
				MARKETING_VERSION = 1.0;
				PRODUCT_BUNDLE_IDENTIFIER = mang.ScoreLines;
				PRODUCT_NAME = "$(TARGET_NAME)";
				SWIFT_EMIT_LOC_STRINGS = YES;
				SWIFT_VERSION = 5.0;
				TARGETED_DEVICE_FAMILY = 1;
				VALID_ARCHS = x86_64;
			};
			name = Debug;
		};
		5CDC56CF27552BA50065B639 /* Release */ = {
			isa = XCBuildConfiguration;
			buildSettings = {
				ASSETCATALOG_COMPILER_APPICON_NAME = AppIcon;
				ASSETCATALOG_COMPILER_GLOBAL_ACCENT_COLOR_NAME = AccentColor;
				CODE_SIGN_STYLE = Automatic;
				CURRENT_PROJECT_VERSION = 1;
				DEVELOPMENT_TEAM = 227HN389RV;
				ENABLE_PREVIEWS = YES;
				GENERATE_INFOPLIST_FILE = YES;
				INFOPLIST_FILE = "ScoreLines-Info.plist";
				INFOPLIST_KEY_UIApplicationSceneManifest_Generation = YES;
				INFOPLIST_KEY_UIApplicationSupportsIndirectInputEvents = YES;
				INFOPLIST_KEY_UILaunchScreen_Generation = YES;
				INFOPLIST_KEY_UISupportedInterfaceOrientations_iPad = "UIInterfaceOrientationPortrait UIInterfaceOrientationPortraitUpsideDown UIInterfaceOrientationLandscapeLeft UIInterfaceOrientationLandscapeRight";
				INFOPLIST_KEY_UISupportedInterfaceOrientations_iPhone = "UIInterfaceOrientationPortrait UIInterfaceOrientationLandscapeLeft UIInterfaceOrientationLandscapeRight";
				IPHONEOS_DEPLOYMENT_TARGET = 14.0;
				LD_RUNPATH_SEARCH_PATHS = (
					"$(inherited)",
					"@executable_path/Frameworks",
				);
				MARKETING_VERSION = 1.0;
				PRODUCT_BUNDLE_IDENTIFIER = mang.ScoreLines;
				PRODUCT_NAME = "$(TARGET_NAME)";
				SWIFT_EMIT_LOC_STRINGS = YES;
				SWIFT_VERSION = 5.0;
				TARGETED_DEVICE_FAMILY = 1;
				VALID_ARCHS = x86_64;
			};
			name = Release;
		};
/* End XCBuildConfiguration section */

/* Begin XCConfigurationList section */
		5CDC56BA27552BA40065B639 /* Build configuration list for PBXProject "ScoreLines" */ = {
			isa = XCConfigurationList;
			buildConfigurations = (
				5CDC56CB27552BA50065B639 /* Debug */,
				5CDC56CC27552BA50065B639 /* Release */,
			);
			defaultConfigurationIsVisible = 0;
			defaultConfigurationName = Release;
		};
		5CDC56CD27552BA50065B639 /* Build configuration list for PBXNativeTarget "ScoreLines" */ = {
			isa = XCConfigurationList;
			buildConfigurations = (
				5CDC56CE27552BA50065B639 /* Debug */,
				5CDC56CF27552BA50065B639 /* Release */,
			);
			defaultConfigurationIsVisible = 0;
			defaultConfigurationName = Release;
		};
/* End XCConfigurationList section */
	};
	rootObject = 5CDC56B727552BA40065B639 /* Project object */;
}
